PODS:
  - AppAuth (1.6.2):
    - AppAuth/Core (= 1.6.2)
    - AppAuth/ExternalUserAgent (= 1.6.2)
  - AppAuth/Core (1.6.2)
  - AppAuth/ExternalUserAgent (1.6.2):
    - AppAuth/Core
  - Capacitor (5.2.2):
    - CapacitorCordova
  - CapacitorApp (5.0.6):
    - Capacitor
  - CapacitorAppLauncher (5.0.6):
    - Capacitor
  - CapacitorBlobWriter (0.0.1):
    - Capacitor
    - GCDWebServer (~> 3.0)
  - CapacitorBrowser (5.0.6):
    - Capacitor
  - CapacitorCamera (5.0.6):
    - Capacitor
  - CapacitorCommunityBarcodeScanner (3.0.1):
    - Capacitor
  - CapacitorCommunityFacebookLogin (4.0.0):
    - Capacitor
    - FBSDKCoreKit (= 14.1.0)
    - FBSDKLoginKit (= 14.1.0)
  - CapacitorCommunityStripe (4.1.0):
    - Capacitor
    - StripeApplePay (= 23.0.0)
    - StripePaymentSheet (= 23.0.0)
  - CapacitorCordova (5.2.2)
  - CapacitorFilesystem (5.1.1):
    - Capacitor
  - CapacitorGeolocation (5.0.6):
    - Capacitor
  - CapacitorGoogleMaps (5.2.2):
    - Capacitor
    - Google-Maps-iOS-Utils (~> 4.1)
    - GoogleMaps (~> 7.3)
  - CapacitorHaptics (5.0.6):
    - Capacitor
  - CapacitorKeyboard (5.0.6):
    - Capacitor
  - CapacitorLocalNotifications (5.0.6):
    - Capacitor
  - CapacitorPushNotifications (5.0.6):
    - Capacitor
  - CapacitorShare (5.0.6):
    - Capacitor
  - CapacitorSplashScreen (5.0.6):
    - Capacitor
  - CapacitorStatusBar (5.0.6):
    - Capacitor
  - CapawesomeCapacitorFilePicker (0.5.10):
    - Capacitor
  - CodetrixStudioCapacitorGoogleAuth (0.0.1):
    - Capacitor
    - GoogleSignIn (~> 6.2.4)
  - CordovaPlugins (5.2.2):
    - CapacitorCordova
  - CordovaPluginsResources (0.0.105)
  - DevaCommunityCapacitorCameraPro (1.0.0):
    - Capacitor
  - FBAEMKit (14.1.0):
    - FBSDKCoreKit_Basics (= 14.1.0)
  - FBSDKCoreKit (14.1.0):
    - FBAEMKit (= 14.1.0)
    - FBSDKCoreKit_Basics (= 14.1.0)
  - FBSDKCoreKit_Basics (14.1.0)
  - FBSDKLoginKit (14.1.0):
    - FBSDKCoreKit (= 14.1.0)
  - GCDWebServer (3.5.4):
    - GCDWebServer/Core (= 3.5.4)
  - GCDWebServer/Core (3.5.4)
  - Google-Maps-iOS-Utils (4.2.2):
    - Google-Maps-iOS-Utils/Clustering (= 4.2.2)
    - Google-Maps-iOS-Utils/Geometry (= 4.2.2)
    - Google-Maps-iOS-Utils/GeometryUtils (= 4.2.2)
    - Google-Maps-iOS-Utils/Heatmap (= 4.2.2)
    - Google-Maps-iOS-Utils/QuadTree (= 4.2.2)
    - GoogleMaps (~> 7.3)
  - Google-Maps-iOS-Utils/Clustering (4.2.2):
    - Google-Maps-iOS-Utils/QuadTree
    - GoogleMaps (~> 7.3)
  - Google-Maps-iOS-Utils/Geometry (4.2.2):
    - GoogleMaps (~> 7.3)
  - Google-Maps-iOS-Utils/GeometryUtils (4.2.2):
    - GoogleMaps (~> 7.3)
  - Google-Maps-iOS-Utils/Heatmap (4.2.2):
    - Google-Maps-iOS-Utils/QuadTree
    - GoogleMaps (~> 7.3)
  - Google-Maps-iOS-Utils/QuadTree (4.2.2):
    - GoogleMaps (~> 7.3)
  - GoogleMaps (7.4.0):
    - GoogleMaps/Maps (= 7.4.0)
  - GoogleMaps/Base (7.4.0)
  - GoogleMaps/Maps (7.4.0):
    - GoogleMaps/Base
  - GoogleSignIn (6.2.4):
    - AppAuth (~> 1.5)
    - GTMAppAuth (~> 1.3)
    - GTMSessionFetcher/Core (< 3.0, >= 1.1)
  - GTMAppAuth (1.3.1):
    - AppAuth/Core (~> 1.6)
    - GTMSessionFetcher/Core (< 3.0, >= 1.5)
  - GTMSessionFetcher/Core (2.3.0)
  - StripeApplePay (23.0.0):
    - StripeCore (= 23.0.0)
  - StripeCore (23.0.0)
  - StripePayments (23.0.0):
    - StripeCore (= 23.0.0)
    - StripePayments/Stripe3DS2 (= 23.0.0)
  - StripePayments/Stripe3DS2 (23.0.0):
    - StripeCore (= 23.0.0)
  - StripePaymentSheet (23.0.0):
    - StripeApplePay (= 23.0.0)
    - StripeCore (= 23.0.0)
    - StripePayments (= 23.0.0)
    - StripePaymentsUI (= 23.0.0)
  - StripePaymentsUI (23.0.0):
    - StripeCore (= 23.0.0)
    - StripePayments (= 23.0.0)
    - StripeUICore (= 23.0.0)
  - StripeUICore (23.0.0):
    - StripeCore (= 23.0.0)
  - WhiteguruCapacitorPluginVideoEditor (4.0.4):
    - Capacitor

DEPENDENCIES:
  - "Capacitor (from `../../node_modules/@capacitor/ios`)"
  - "CapacitorApp (from `../../node_modules/@capacitor/app`)"
  - "CapacitorAppLauncher (from `../../node_modules/@capacitor/app-launcher`)"
  - CapacitorBlobWriter (from `../../node_modules/capacitor-blob-writer`)
  - "CapacitorBrowser (from `../../node_modules/@capacitor/browser`)"
  - "CapacitorCamera (from `../../node_modules/@capacitor/camera`)"
  - "CapacitorCommunityBarcodeScanner (from `../../node_modules/@capacitor-community/barcode-scanner`)"
  - "CapacitorCommunityFacebookLogin (from `../../node_modules/@capacitor-community/facebook-login`)"
  - "CapacitorCommunityStripe (from `../../node_modules/@capacitor-community/stripe`)"
  - "CapacitorCordova (from `../../node_modules/@capacitor/ios`)"
  - "CapacitorFilesystem (from `../../node_modules/@capacitor/filesystem`)"
  - "CapacitorGeolocation (from `../../node_modules/@capacitor/geolocation`)"
  - "CapacitorGoogleMaps (from `../../node_modules/@capacitor/google-maps`)"
  - "CapacitorHaptics (from `../../node_modules/@capacitor/haptics`)"
  - "CapacitorKeyboard (from `../../node_modules/@capacitor/keyboard`)"
  - "CapacitorLocalNotifications (from `../../node_modules/@capacitor/local-notifications`)"
  - "CapacitorPushNotifications (from `../../node_modules/@capacitor/push-notifications`)"
  - "CapacitorShare (from `../../node_modules/@capacitor/share`)"
  - "CapacitorSplashScreen (from `../../node_modules/@capacitor/splash-screen`)"
  - "CapacitorStatusBar (from `../../node_modules/@capacitor/status-bar`)"
  - "CapawesomeCapacitorFilePicker (from `../../node_modules/@capawesome/capacitor-file-picker`)"
  - "CodetrixStudioCapacitorGoogleAuth (from `../../node_modules/@codetrix-studio/capacitor-google-auth`)"
  - CordovaPlugins (from `../capacitor-cordova-ios-plugins`)
  - CordovaPluginsResources (from `../capacitor-cordova-ios-plugins`)
  - "DevaCommunityCapacitorCameraPro (from `../../node_modules/@deva-community/capacitor-camera-pro`)"
  - "WhiteguruCapacitorPluginVideoEditor (from `../../node_modules/@whiteguru/capacitor-plugin-video-editor`)"

SPEC REPOS:
  trunk:
    - AppAuth
    - FBAEMKit
    - FBSDKCoreKit
    - FBSDKCoreKit_Basics
    - FBSDKLoginKit
    - GCDWebServer
    - Google-Maps-iOS-Utils
    - GoogleMaps
    - GoogleSignIn
    - GTMAppAuth
    - GTMSessionFetcher
    - StripeApplePay
    - StripeCore
    - StripePayments
    - StripePaymentSheet
    - StripePaymentsUI
    - StripeUICore

EXTERNAL SOURCES:
  Capacitor:
    :path: "../../node_modules/@capacitor/ios"
  CapacitorApp:
    :path: "../../node_modules/@capacitor/app"
  CapacitorAppLauncher:
    :path: "../../node_modules/@capacitor/app-launcher"
  CapacitorBlobWriter:
    :path: "../../node_modules/capacitor-blob-writer"
  CapacitorBrowser:
    :path: "../../node_modules/@capacitor/browser"
  CapacitorCamera:
    :path: "../../node_modules/@capacitor/camera"
  CapacitorCommunityBarcodeScanner:
    :path: "../../node_modules/@capacitor-community/barcode-scanner"
  CapacitorCommunityFacebookLogin:
    :path: "../../node_modules/@capacitor-community/facebook-login"
  CapacitorCommunityStripe:
    :path: "../../node_modules/@capacitor-community/stripe"
  CapacitorCordova:
    :path: "../../node_modules/@capacitor/ios"
  CapacitorFilesystem:
    :path: "../../node_modules/@capacitor/filesystem"
  CapacitorGeolocation:
    :path: "../../node_modules/@capacitor/geolocation"
  CapacitorGoogleMaps:
    :path: "../../node_modules/@capacitor/google-maps"
  CapacitorHaptics:
    :path: "../../node_modules/@capacitor/haptics"
  CapacitorKeyboard:
    :path: "../../node_modules/@capacitor/keyboard"
  CapacitorLocalNotifications:
    :path: "../../node_modules/@capacitor/local-notifications"
  CapacitorPushNotifications:
    :path: "../../node_modules/@capacitor/push-notifications"
  CapacitorShare:
    :path: "../../node_modules/@capacitor/share"
  CapacitorSplashScreen:
    :path: "../../node_modules/@capacitor/splash-screen"
  CapacitorStatusBar:
    :path: "../../node_modules/@capacitor/status-bar"
  CapawesomeCapacitorFilePicker:
    :path: "../../node_modules/@capawesome/capacitor-file-picker"
  CodetrixStudioCapacitorGoogleAuth:
    :path: "../../node_modules/@codetrix-studio/capacitor-google-auth"
  CordovaPlugins:
    :path: "../capacitor-cordova-ios-plugins"
  CordovaPluginsResources:
    :path: "../capacitor-cordova-ios-plugins"
  DevaCommunityCapacitorCameraPro:
    :path: "../../node_modules/@deva-community/capacitor-camera-pro"
  WhiteguruCapacitorPluginVideoEditor:
    :path: "../../node_modules/@whiteguru/capacitor-plugin-video-editor"

SPEC CHECKSUMS:
  AppAuth: 3bb1d1cd9340bd09f5ed189fb00b1cc28e1e8570
  Capacitor: 070b18988e0f566728ae9a5eb3a7a974595f1626
  CapacitorApp: 024e1b1bea5f883d79f6330d309bc441c88ad04a
  CapacitorAppLauncher: 5a9f06c13c6b4f5d65b550a07128ef04f3a216b3
  CapacitorBlobWriter: 110eeaf80611f19bf01a8a05ff3672149ed0baad
  CapacitorBrowser: 6192948e0ce804fd72aaf77f4114a3ad2e08c760
  CapacitorCamera: 4a95204d13a05b0b726bf9086b44124349ab1952
  CapacitorCommunityBarcodeScanner: db2c9d3fdaeb22807afa497389d934185af4972a
  CapacitorCommunityFacebookLogin: 94cbbd5c5ed6ca7322c85325c3cc09c29763720a
  CapacitorCommunityStripe: 5cf0d79f8393c77fac090df1249bb1f023957aa3
  CapacitorCordova: 3773395d5331add072300ff6041ca2cf7b93cb0b
  CapacitorFilesystem: 38e85e56818420bed3f0aa1b77128f503a960821
  CapacitorGeolocation: 7be5f77abc205c0efe319fff8587a7183e7b0240
  CapacitorGoogleMaps: ab398ee70af25508acdfdc21a68e4f545e30374b
  CapacitorHaptics: 1fffc1217c7e64a472d7845be50fb0c2f7d4204c
  CapacitorKeyboard: b978154b024a5f65e044908e37d15b7de58b9d12
  CapacitorLocalNotifications: c2d8b14794064fd4814b1d6c4ddbac8029afa295
  CapacitorPushNotifications: 7eb70469f1fcc3dec07126336d4896520e4991db
  CapacitorShare: cd41743331cb71d217c029de54b681cbd91e0fcc
  CapacitorSplashScreen: 5fa2ab5e46cf5cc530cf16a51c80c7a986579ccd
  CapacitorStatusBar: 565c0a1ebd79bb40d797606a8992b4a105885309
  CapawesomeCapacitorFilePicker: 3c6c193300649c9c7ce49426e17582edbf7ed601
  CodetrixStudioCapacitorGoogleAuth: fcce058390347c1ce5d8ac4764bdf1f5c1ee233b
  CordovaPlugins: 28dbf60e7e21722dd2f9dfb0338f10907aafa21a
  CordovaPluginsResources: 1b3992e05cb6336d2850cd77dd5e3054f2f76f96
  DevaCommunityCapacitorCameraPro: 59a65ca94ad1b9076becd5bf4d52669254edafd7
  FBAEMKit: a899515e45476027f73aef377b5cffadcd56ca3a
  FBSDKCoreKit: 24f8bc8d3b5b2a8c5c656a1329492a12e8efa792
  FBSDKCoreKit_Basics: 6e578c9bdc7aa1365dbbbde633c9ebb536bcaa98
  FBSDKLoginKit: 787de205d524c3a4b17d527916f1d066e4361660
  GCDWebServer: 2c156a56c8226e2d5c0c3f208a3621ccffbe3ce4
  Google-Maps-iOS-Utils: f77eab4c4326d7e6a277f8e23a0232402731913a
  GoogleMaps: 032f676450ba0779bd8ce16840690915f84e57ac
  GoogleSignIn: 5651ce3a61e56ca864160e79b484cd9ed3f49b7a
  GTMAppAuth: 0ff230db599948a9ad7470ca667337803b3fc4dd
  GTMSessionFetcher: 3a63d75eecd6aa32c2fc79f578064e1214dfdec2
  StripeApplePay: 872cd6bee754b395c0cb33e64dd4ed887142dbf7
  StripeCore: 6ee53ff749d64fd9db3f06ae4c385fdd3f8580a2
  StripePayments: 6e580aac69d1923607a40f506602f5770f8eb2bc
  StripePaymentSheet: fb6429dcb8f4b07e0ea22a1e83b231a4a666906f
  StripePaymentsUI: cadc1c4d4daa4335dc0a996af5ead287505b7075
  StripeUICore: 55b2660a2cad2fe055a05f59297caa4ae50acf74
  WhiteguruCapacitorPluginVideoEditor: f27137306c632d1b702856718510e6950c287ecc

PODFILE CHECKSUM: da37a9bf3479a262e94575da7debc9a9b093c56a

COCOAPODS: 1.12.1
